
Microsoft Visual Studio Solution File, Format Version 12.00
# Visual Studio Version 17
VisualStudioVersion = 17.7.34221.43
MinimumVisualStudioVersion = 10.0.40219.1
Project("{9A19103F-16F7-4668-BE54-9A1E7A4F7556}") = "Adhyan_Kakash", "Adhyan_Kakash\Adhyan_Kakash.csproj", "{0B665256-09BC-428C-A847-A746C840B7D1}"
EndProject
Project("{FAE04EC0-301F-11D3-BF4B-00C04F79EFBC}") = "Student_DataAccess", "Student_DataAccess\Student_DataAccess.csproj", "{1CF6D191-C5A7-4FF7-8918-7B43EDFA4CB0}"
EndProject
Project("{FAE04EC0-301F-11D3-BF4B-00C04F79EFBC}") = "Kaksh_Service", "Kaksh_Service\Kaksh_Service.csproj", "{99CC516C-68A2-4389-853E-3C0810CBAC51}"
EndProject
Global
	GlobalSection(SolutionConfigurationPlatforms) = preSolution
		Debug|Any CPU = Debug|Any CPU
		Release|Any CPU = Release|Any CPU
	EndGlobalSection
	GlobalSection(ProjectConfigurationPlatforms) = postSolution
		{0B665256-09BC-428C-A847-A746C840B7D1}.Debug|Any CPU.ActiveCfg = Debug|Any CPU
		{0B665256-09BC-428C-A847-A746C840B7D1}.Debug|Any CPU.Build.0 = Debug|Any CPU
		{0B665256-09BC-428C-A847-A746C840B7D1}.Release|Any CPU.ActiveCfg = Release|Any CPU
		{0B665256-09BC-428C-A847-A746C840B7D1}.Release|Any CPU.Build.0 = Release|Any CPU
		{1CF6D191-C5A7-4FF7-8918-7B43EDFA4CB0}.Debug|Any CPU.ActiveCfg = Debug|Any CPU
		{1CF6D191-C5A7-4FF7-8918-7B43EDFA4CB0}.Debug|Any CPU.Build.0 = Debug|Any CPU
		{1CF6D191-C5A7-4FF7-8918-7B43EDFA4CB0}.Release|Any CPU.ActiveCfg = Release|Any CPU
		{1CF6D191-C5A7-4FF7-8918-7B43EDFA4CB0}.Release|Any CPU.Build.0 = Release|Any CPU
		{99CC516C-68A2-4389-853E-3C0810CBAC51}.Debug|Any CPU.ActiveCfg = Debug|Any CPU
		{99CC516C-68A2-4389-853E-3C0810CBAC51}.Debug|Any CPU.Build.0 = Debug|Any CPU
		{99CC516C-68A2-4389-853E-3C0810CBAC51}.Release|Any CPU.ActiveCfg = Release|Any CPU
		{99CC516C-68A2-4389-853E-3C0810CBAC51}.Release|Any CPU.Build.0 = Release|Any CPU
	EndGlobalSection
	GlobalSection(SolutionProperties) = preSolution
		HideSolutionNode = FALSE
	EndGlobalSection
	GlobalSection(ExtensibilityGlobals) = postSolution
		SolutionGuid = {76BD05A6-A29E-4B3D-A7F7-748EB4A92FCE}
	EndGlobalSection
EndGlobal
